{
  "name": "@manufosela/element-card",
  "version": "1.1.2",
  "lockfileVersion": 1,
  "requires": true,
  "dependencies": {
    "@manufosela/circle-percent": {
      "version": "2.1.1",
      "resolved": "https://registry.npmjs.org/@manufosela/circle-percent/-/circle-percent-2.1.1.tgz",
      "integrity": "sha512-L31utT4og6JvJ8/NajAnFtcDPEWIEFlT5tRMwUCzaQ4r+Oog+6khYc3I/qvoMI8ulpcEYr8fA6IuZ8XK81Gn+w==",
      "requires": {
        "lit-element": "^2.1.0"
      }
    },
    "@manufosela/nav-list": {
      "version": "2.3.0",
      "resolved": "https://registry.npmjs.org/@manufosela/nav-list/-/nav-list-2.3.0.tgz",
      "integrity": "sha512-6ABIUUYCeBFpeNxoP3QjsmlN6lg+4m+eTAgzBbZOVBtzxW1s3RYQYqTiaDg9sK6Hz9OgBqnbGeZGBC02gk4jaQ==",
      "requires": {
        "lit-element": "^2.1.0"
      }
    },
    "lit-element": {
      "version": "2.1.0",
      "resolved": "https://registry.npmjs.org/lit-element/-/lit-element-2.1.0.tgz",
      "integrity": "sha512-0z/KHm1xZweivfOVRr8AKR06+D3k02u15m9s4jkuRdnGe5wfmEwePzrQQBsSZNILdnfJvfo3TJOeGhBCVZaPbw==",
      "requires": {
        "lit-html": "^1.0.0"
      },
      "dependencies": {
        "lit-html": {
          "version": "1.0.0",
          "resolved": "https://registry.npmjs.org/lit-html/-/lit-html-1.0.0.tgz",
          "integrity": "sha512-oeWlpLmBW3gFl7979Wol2LKITpmKTUFNn7PnFbh6YNynF61W74l6x5WhwItAwPRSATpexaX1egNnRzlN4GOtfQ=="
        }
      }
    }
  }
}
